
Microsoft Visual Studio Solution File, Format Version 12.00
# Visual Studio Version 17
VisualStudioVersion = 17.8.34309.116
MinimumVisualStudioVersion = 10.0.40219.1
Project("{2150E333-8FDC-42A3-9474-1A3956D46DE8}") = "src", "src", "{8CA13AB7-182B-416A-BE6E-2EEF69AB092F}"
EndProject
Project("{2150E333-8FDC-42A3-9474-1A3956D46DE8}") = "test", "test", "{2D45BA94-53C5-45E2-AA8B-4B41568087B9}"
EndProject
Project("{2150E333-8FDC-42A3-9474-1A3956D46DE8}") = "Core", "Core", "{7EA7FE1D-2960-493F-976C-E767CAC3FA39}"
EndProject
Project("{2150E333-8FDC-42A3-9474-1A3956D46DE8}") = "Infrastructure", "Infrastructure", "{5DC2C154-2876-4BBA-BA85-357A09D3F6F5}"
EndProject
Project("{2150E333-8FDC-42A3-9474-1A3956D46DE8}") = "UI", "UI", "{D0C06FD7-77E5-4073-AE63-DE98982FD13E}"
EndProject
Project("{2150E333-8FDC-42A3-9474-1A3956D46DE8}") = "API", "API", "{1A11892D-19BB-40C3-A822-025BF3B1B7F6}"
EndProject
Project("{9A19103F-16F7-4668-BE54-9A1E7A4F7556}") = "BookManagementSystem.Domain", "BookManagementSystem.Domain\BookManagementSystem.Domain.csproj", "{80E864DB-8FDA-4290-A44D-76A443657516}"
EndProject
Project("{9A19103F-16F7-4668-BE54-9A1E7A4F7556}") = "BookManagementSystem.Application", "BookManagementSystem.Application\BookManagementSystem.Application.csproj", "{DAE02723-958B-43F6-BE27-31C2623A1DD6}"
EndProject
Project("{FAE04EC0-301F-11D3-BF4B-00C04F79EFBC}") = "BookManagementSystem.Persistence", "BookManagementSystem.Persistence\BookManagementSystem.Persistence.csproj", "{77F320ED-AD55-46F7-8395-3D336DE524DC}"
EndProject
Project("{FAE04EC0-301F-11D3-BF4B-00C04F79EFBC}") = "BookManagementSystem.API", "BookManagementSyste.API\BookManagementSystem.API.csproj", "{49863C8C-E858-4557-86F5-8A50FAFD2384}"
EndProject
Project("{FAE04EC0-301F-11D3-BF4B-00C04F79EFBC}") = "BookManagementSystem.Infrastructure", "BookManagementSystem.Infrastructure\BookManagementSystem.Infrastructure.csproj", "{B2926603-5FDC-4E37-B208-A1C878FFF6A5}"
EndProject
Global
	GlobalSection(SolutionConfigurationPlatforms) = preSolution
		Debug|Any CPU = Debug|Any CPU
		Release|Any CPU = Release|Any CPU
	EndGlobalSection
	GlobalSection(ProjectConfigurationPlatforms) = postSolution
		{80E864DB-8FDA-4290-A44D-76A443657516}.Debug|Any CPU.ActiveCfg = Debug|Any CPU
		{80E864DB-8FDA-4290-A44D-76A443657516}.Debug|Any CPU.Build.0 = Debug|Any CPU
		{80E864DB-8FDA-4290-A44D-76A443657516}.Release|Any CPU.ActiveCfg = Release|Any CPU
		{80E864DB-8FDA-4290-A44D-76A443657516}.Release|Any CPU.Build.0 = Release|Any CPU
		{DAE02723-958B-43F6-BE27-31C2623A1DD6}.Debug|Any CPU.ActiveCfg = Debug|Any CPU
		{DAE02723-958B-43F6-BE27-31C2623A1DD6}.Debug|Any CPU.Build.0 = Debug|Any CPU
		{DAE02723-958B-43F6-BE27-31C2623A1DD6}.Release|Any CPU.ActiveCfg = Release|Any CPU
		{DAE02723-958B-43F6-BE27-31C2623A1DD6}.Release|Any CPU.Build.0 = Release|Any CPU
		{77F320ED-AD55-46F7-8395-3D336DE524DC}.Debug|Any CPU.ActiveCfg = Debug|Any CPU
		{77F320ED-AD55-46F7-8395-3D336DE524DC}.Debug|Any CPU.Build.0 = Debug|Any CPU
		{77F320ED-AD55-46F7-8395-3D336DE524DC}.Release|Any CPU.ActiveCfg = Release|Any CPU
		{77F320ED-AD55-46F7-8395-3D336DE524DC}.Release|Any CPU.Build.0 = Release|Any CPU
		{49863C8C-E858-4557-86F5-8A50FAFD2384}.Debug|Any CPU.ActiveCfg = Debug|Any CPU
		{49863C8C-E858-4557-86F5-8A50FAFD2384}.Debug|Any CPU.Build.0 = Debug|Any CPU
		{49863C8C-E858-4557-86F5-8A50FAFD2384}.Release|Any CPU.ActiveCfg = Release|Any CPU
		{49863C8C-E858-4557-86F5-8A50FAFD2384}.Release|Any CPU.Build.0 = Release|Any CPU
		{B2926603-5FDC-4E37-B208-A1C878FFF6A5}.Debug|Any CPU.ActiveCfg = Debug|Any CPU
		{B2926603-5FDC-4E37-B208-A1C878FFF6A5}.Debug|Any CPU.Build.0 = Debug|Any CPU
		{B2926603-5FDC-4E37-B208-A1C878FFF6A5}.Release|Any CPU.ActiveCfg = Release|Any CPU
		{B2926603-5FDC-4E37-B208-A1C878FFF6A5}.Release|Any CPU.Build.0 = Release|Any CPU
	EndGlobalSection
	GlobalSection(SolutionProperties) = preSolution
		HideSolutionNode = FALSE
	EndGlobalSection
	GlobalSection(NestedProjects) = preSolution
		{7EA7FE1D-2960-493F-976C-E767CAC3FA39} = {8CA13AB7-182B-416A-BE6E-2EEF69AB092F}
		{5DC2C154-2876-4BBA-BA85-357A09D3F6F5} = {8CA13AB7-182B-416A-BE6E-2EEF69AB092F}
		{D0C06FD7-77E5-4073-AE63-DE98982FD13E} = {8CA13AB7-182B-416A-BE6E-2EEF69AB092F}
		{1A11892D-19BB-40C3-A822-025BF3B1B7F6} = {8CA13AB7-182B-416A-BE6E-2EEF69AB092F}
		{80E864DB-8FDA-4290-A44D-76A443657516} = {7EA7FE1D-2960-493F-976C-E767CAC3FA39}
		{DAE02723-958B-43F6-BE27-31C2623A1DD6} = {7EA7FE1D-2960-493F-976C-E767CAC3FA39}
		{77F320ED-AD55-46F7-8395-3D336DE524DC} = {5DC2C154-2876-4BBA-BA85-357A09D3F6F5}
		{49863C8C-E858-4557-86F5-8A50FAFD2384} = {1A11892D-19BB-40C3-A822-025BF3B1B7F6}
		{B2926603-5FDC-4E37-B208-A1C878FFF6A5} = {5DC2C154-2876-4BBA-BA85-357A09D3F6F5}
	EndGlobalSection
	GlobalSection(ExtensibilityGlobals) = postSolution
		SolutionGuid = {D8879DCB-4E7A-4C89-9B18-5D639F8AD712}
	EndGlobalSection
EndGlobal
